{
  "name": "epta",
  "version": "1.0.1",
  "lockfileVersion": 2,
  "requires": true,
  "packages": {
    "": {
      "name": "epta",
      "version": "1.0.1",
      "license": "MIT",
      "dependencies": {
        "memoir": "^1.0.9",
        "wrighter": "^1.0.0"
      },
      "devDependencies": {
        "@types/node": "^18.11.17",
        "typescript": "^4.9.3"
      }
    },
    "node_modules/@types/node": {
      "version": "18.11.17",
      "resolved": "https://registry.npmjs.org/@types/node/-/node-18.11.17.tgz",
      "integrity": "sha512-HJSUJmni4BeDHhfzn6nF0sVmd1SMezP7/4F0Lq+aXzmp2xm9O7WXrUtHW/CHlYVtZUbByEvWidHqRtcJXGF2Ng==",
      "dev": true
    },
    "node_modules/memoir": {
      "version": "1.0.9",
      "resolved": "https://registry.npmjs.org/memoir/-/memoir-1.0.9.tgz",
      "integrity": "sha512-htEX8mVKhjB2ozCClD37QDnKxuCd9r7qmH5H3tzdUmOz0V/IaeTF6DmeLqxqa/Z1qqJRcN4EmCfW/XX+W4MbAA=="
    },
    "node_modules/typescript": {
      "version": "4.9.4",
      "resolved": "https://registry.npmjs.org/typescript/-/typescript-4.9.4.tgz",
      "integrity": "sha512-Uz+dTXYzxXXbsFpM86Wh3dKCxrQqUcVMxwU54orwlJjOpO3ao8L7j5lH+dWfTwgCwIuM9GQ2kvVotzYJMXTBZg==",
      "dev": true,
      "bin": {
        "tsc": "bin/tsc",
        "tsserver": "bin/tsserver"
      },
      "engines": {
        "node": ">=4.2.0"
      }
    },
    "node_modules/wrighter": {
      "version": "1.0.4",
      "resolved": "https://registry.npmjs.org/wrighter/-/wrighter-1.0.4.tgz",
      "integrity": "sha512-2AbWQFDm214imc6AC4StQqDp0CTqsdlJBJHTR1l3uSWjcrdCmxBA47E70N6MCHLFs7gNG7sKPh3YehNzwz8vdw==",
      "dependencies": {
        "memoir": "^1.0.8"
      }
    }
  },
  "dependencies": {
    "@types/node": {
      "version": "18.11.17",
      "resolved": "https://registry.npmjs.org/@types/node/-/node-18.11.17.tgz",
      "integrity": "sha512-HJSUJmni4BeDHhfzn6nF0sVmd1SMezP7/4F0Lq+aXzmp2xm9O7WXrUtHW/CHlYVtZUbByEvWidHqRtcJXGF2Ng==",
      "dev": true
    },
    "memoir": {
      "version": "1.0.9",
      "resolved": "https://registry.npmjs.org/memoir/-/memoir-1.0.9.tgz",
      "integrity": "sha512-htEX8mVKhjB2ozCClD37QDnKxuCd9r7qmH5H3tzdUmOz0V/IaeTF6DmeLqxqa/Z1qqJRcN4EmCfW/XX+W4MbAA=="
    },
    "typescript": {
      "version": "4.9.4",
      "resolved": "https://registry.npmjs.org/typescript/-/typescript-4.9.4.tgz",
      "integrity": "sha512-Uz+dTXYzxXXbsFpM86Wh3dKCxrQqUcVMxwU54orwlJjOpO3ao8L7j5lH+dWfTwgCwIuM9GQ2kvVotzYJMXTBZg==",
      "dev": true
    },
    "wrighter": {
      "version": "1.0.4",
      "resolved": "https://registry.npmjs.org/wrighter/-/wrighter-1.0.4.tgz",
      "integrity": "sha512-2AbWQFDm214imc6AC4StQqDp0CTqsdlJBJHTR1l3uSWjcrdCmxBA47E70N6MCHLFs7gNG7sKPh3YehNzwz8vdw==",
      "requires": {
        "memoir": "^1.0.8"
      }
    }
  }
}
